{
    "_readme": [
        "This file locks the dependencies of your project to a known state",
        "Read more about it at https://getcomposer.org/doc/01-basic-usage.md#composer-lock-the-lock-file",
        "This file is @generated automatically"
    ],
    "hash": "db657aca9ce279e3166d6298c9eb1437",
    "content-hash": "c41464b6c601b5eab8474ec1d67c1e80",
    "packages": [
        {
            "name": "codeandcode/micro-fwk",
            "version": "dev-master",
            "source": {
                "type": "git",
                "url": "https://github.com/code-and-code/micro-fwk.git",
                "reference": "982729069a3d1636fe233ce357e8295f7398301f"
            },
            "dist": {
                "type": "zip",
                "url": "https://api.github.com/repos/code-and-code/micro-fwk/zipball/0f61ebb2957a155ebdc668e1e96305b254f5b084",
                "reference": "982729069a3d1636fe233ce357e8295f7398301f",
                "shasum": ""
            },
            "require": {
                "php": ">=5.3"
            },
            "type": "project",
            "notification-url": "https://packagist.org/downloads/",
            "license": [
                "MIT"
            ],
            "authors": [
                {
                    "name": "CodeAndCode",
                    "email": "contato@codeandcode.com.br"
                }
            ],
            "keywords": [
                "php",
                "project start",
                "projecto inical",
                "start"
            ],
            "time": "2016-06-01 17:03:09"
        },
        {
            "name": "guzzlehttp/psr7",
            "version": "1.3.0",
            "source": {
                "type": "git",
                "url": "https://github.com/guzzle/psr7.git",
                "reference": "31382fef2889136415751badebbd1cb022a4ed72"
            },
            "dist": {
                "type": "zip",
                "url": "https://api.github.com/repos/guzzle/psr7/zipball/31382fef2889136415751badebbd1cb022a4ed72",
                "reference": "31382fef2889136415751badebbd1cb022a4ed72",
                "shasum": ""
            },
            "require": {
                "php": ">=5.4.0",
                "psr/http-message": "~1.0"
            },
            "provide": {
                "psr/http-message-implementation": "1.0"
            },
            "require-dev": {
                "phpunit/phpunit": "~4.0"
            },
            "type": "library",
            "extra": {
                "branch-alias": {
                    "dev-master": "1.0-dev"
                }
            },
            "autoload": {
                "psr-4": {
                    "GuzzleHttp\\Psr7\\": "src/"
                },
                "files": [
                    "src/functions_include.php"
                ]
            },
            "notification-url": "https://packagist.org/downloads/",
            "license": [
                "MIT"
            ],
            "authors": [
                {
                    "name": "Michael Dowling",
                    "email": "mtdowling@gmail.com",
                    "homepage": "https://github.com/mtdowling"
                }
            ],
            "description": "PSR-7 message implementation",
            "keywords": [
                "http",
                "message",
                "stream",
                "uri"
            ],
            "time": "2016-04-13 19:56:01"
        },
        {
            "name": "mailgun/mailgun-php",
            "version": "v2.0",
            "source": {
                "type": "git",
                "url": "https://github.com/mailgun/mailgun-php.git",
                "reference": "976a76a3b5b46eb8d0dedbd48a5c98d054b6054f"
            },
            "dist": {
                "type": "zip",
                "url": "https://api.github.com/repos/mailgun/mailgun-php/zipball/976a76a3b5b46eb8d0dedbd48a5c98d054b6054f",
                "reference": "976a76a3b5b46eb8d0dedbd48a5c98d054b6054f",
                "shasum": ""
            },
            "require": {
                "guzzlehttp/psr7": "~1.2",
                "php": "^5.5|^7.0",
                "php-http/discovery": "^0.8",
                "php-http/httplug": "^1.0"
            },
            "require-dev": {
                "php-http/guzzle6-adapter": "^1.0",
                "phpunit/phpunit": "~4.6"
            },
            "type": "library",
            "autoload": {
                "psr-0": {
                    "Mailgun\\Tests": "tests/",
                    "Mailgun": "src/"
                }
            },
            "notification-url": "https://packagist.org/downloads/",
            "license": [
                "MIT"
            ],
            "authors": [
                {
                    "name": "Travis Swientek",
                    "email": "travis@mailgunhq.com"
                }
            ],
            "description": "The Mailgun SDK provides methods for all API functions.",
            "time": "2016-04-02 00:58:54"
        },
        {
            "name": "php-http/discovery",
            "version": "v0.8.0",
            "source": {
                "type": "git",
                "url": "https://github.com/php-http/discovery.git",
                "reference": "fac1240e8a070b3e2f0e38606941de80c849fa53"
            },
            "dist": {
                "type": "zip",
                "url": "https://api.github.com/repos/php-http/discovery/zipball/fac1240e8a070b3e2f0e38606941de80c849fa53",
                "reference": "fac1240e8a070b3e2f0e38606941de80c849fa53",
                "shasum": ""
            },
            "require": {
                "php": "^5.4|7.*"
            },
            "require-dev": {
                "henrikbjorn/phpspec-code-coverage": "^1.0",
                "php-http/httplug": "^1.0",
                "php-http/message-factory": "^1.0",
                "phpspec/phpspec": "^2.4",
                "puli/composer-plugin": "1.0.0-beta9"
            },
            "suggest": {
                "php-http/message": "Allow to use Guzzle or Diactoros factories",
                "puli/composer-plugin": "Sets up Puli which is required for Discovery to work. Check http://docs.php-http.org/en/latest/discovery.html for more details."
            },
            "bin": [
                "bin/puli.phar"
            ],
            "type": "library",
            "extra": {
                "branch-alias": {
                    "dev-master": "0.9-dev"
                }
            },
            "autoload": {
                "psr-4": {
                    "Http\\Discovery\\": "src/"
                }
            },
            "notification-url": "https://packagist.org/downloads/",
            "license": [
                "MIT"
            ],
            "authors": [
                {
                    "name": "Márk Sági-Kazár",
                    "email": "mark.sagikazar@gmail.com"
                }
            ],
            "description": "Finds installed HTTPlug implementations and PSR-7 message factories",
            "homepage": "http://httplug.io",
            "keywords": [
                "adapter",
                "client",
                "discovery",
                "factory",
                "http",
                "message"
            ],
            "time": "2016-02-11 09:53:37"
        },
        {
            "name": "php-http/httplug",
            "version": "dev-master",
            "source": {
                "type": "git",
                "url": "https://github.com/php-http/httplug.git",
                "reference": "19deb66509fa3d5a828892a05c9e572c48a5c7ad"
            },
            "dist": {
                "type": "zip",
                "url": "https://api.github.com/repos/php-http/httplug/zipball/19deb66509fa3d5a828892a05c9e572c48a5c7ad",
                "reference": "19deb66509fa3d5a828892a05c9e572c48a5c7ad",
                "shasum": ""
            },
            "require": {
                "php": ">=5.4",
                "php-http/promise": "^1.0",
                "psr/http-message": "^1.0"
            },
            "require-dev": {
                "henrikbjorn/phpspec-code-coverage": "^1.0",
                "phpspec/phpspec": "^2.4"
            },
            "type": "library",
            "extra": {
                "branch-alias": {
                    "dev-master": "1.0-dev"
                }
            },
            "autoload": {
                "psr-4": {
                    "Http\\Client\\": "src/"
                }
            },
            "notification-url": "https://packagist.org/downloads/",
            "license": [
                "MIT"
            ],
            "authors": [
                {
                    "name": "Eric GELOEN",
                    "email": "geloen.eric@gmail.com"
                },
                {
                    "name": "Márk Sági-Kazár",
                    "email": "mark.sagikazar@gmail.com"
                }
            ],
            "description": "HTTPlug, the HTTP client abstraction for PHP",
            "homepage": "http://httplug.io",
            "keywords": [
                "client",
                "http"
            ],
            "time": "2016-01-28 07:53:22"
        },
        {
            "name": "php-http/promise",
            "version": "dev-master",
            "source": {
                "type": "git",
                "url": "https://github.com/php-http/promise.git",
                "reference": "810b30da8bcf69e4b82c4b9bc6b31518234293ab"
            },
            "dist": {
                "type": "zip",
                "url": "https://api.github.com/repos/php-http/promise/zipball/810b30da8bcf69e4b82c4b9bc6b31518234293ab",
                "reference": "810b30da8bcf69e4b82c4b9bc6b31518234293ab",
                "shasum": ""
            },
            "require-dev": {
                "henrikbjorn/phpspec-code-coverage": "^1.0",
                "phpspec/phpspec": "^2.4"
            },
            "type": "library",
            "extra": {
                "branch-alias": {
                    "dev-master": "1.0-dev"
                }
            },
            "autoload": {
                "psr-4": {
                    "Http\\Promise\\": "src/"
                }
            },
            "notification-url": "https://packagist.org/downloads/",
            "license": [
                "MIT"
            ],
            "authors": [
                {
                    "name": "Márk Sági-Kazár",
                    "email": "mark.sagikazar@gmail.com"
                },
                {
                    "name": "Joel Wurtz",
                    "email": "joel.wurtz@gmail.com"
                }
            ],
            "description": "Promise used for asynchronous HTTP requests",
            "homepage": "http://httplug.io",
            "keywords": [
                "promise"
            ],
            "time": "2016-01-28 07:54:12"
        },
        {
            "name": "psr/http-message",
            "version": "dev-master",
            "source": {
                "type": "git",
                "url": "https://github.com/php-fig/http-message.git",
                "reference": "85d63699f0dbedb190bbd4b0d2b9dc707ea4c298"
            },
            "dist": {
                "type": "zip",
                "url": "https://api.github.com/repos/php-fig/http-message/zipball/85d63699f0dbedb190bbd4b0d2b9dc707ea4c298",
                "reference": "85d63699f0dbedb190bbd4b0d2b9dc707ea4c298",
                "shasum": ""
            },
            "require": {
                "php": ">=5.3.0"
            },
            "type": "library",
            "extra": {
                "branch-alias": {
                    "dev-master": "1.0.x-dev"
                }
            },
            "autoload": {
                "psr-4": {
                    "Psr\\Http\\Message\\": "src/"
                }
            },
            "notification-url": "https://packagist.org/downloads/",
            "license": [
                "MIT"
            ],
            "authors": [
                {
                    "name": "PHP-FIG",
                    "homepage": "http://www.php-fig.org/"
                }
            ],
            "description": "Common interface for HTTP messages",
            "keywords": [
                "http",
                "http-message",
                "psr",
                "psr-7",
                "request",
                "response"
            ],
            "time": "2015-05-04 20:22:00"
        },
        {
            "name": "twig/twig",
            "version": "1.x-dev",
            "source": {
                "type": "git",
                "url": "https://github.com/twigphp/Twig.git",
                "reference": "9abbf273bdddd2e60a4765350f8a79894a716e59"
            },
            "dist": {
                "type": "zip",
                "url": "https://api.github.com/repos/twigphp/Twig/zipball/9abbf273bdddd2e60a4765350f8a79894a716e59",
                "reference": "9abbf273bdddd2e60a4765350f8a79894a716e59",
                "shasum": ""
            },
            "require": {
                "php": ">=5.2.7"
            },
            "require-dev": {
                "symfony/debug": "~2.7",
                "symfony/phpunit-bridge": "~2.7"
            },
            "type": "library",
            "extra": {
                "branch-alias": {
                    "dev-master": "1.24-dev"
                }
            },
            "autoload": {
                "psr-0": {
                    "Twig_": "lib/"
                }
            },
            "notification-url": "https://packagist.org/downloads/",
            "license": [
                "BSD-3-Clause"
            ],
            "authors": [
                {
                    "name": "Fabien Potencier",
                    "email": "fabien@symfony.com",
                    "homepage": "http://fabien.potencier.org",
                    "role": "Lead Developer"
                },
                {
                    "name": "Armin Ronacher",
                    "email": "armin.ronacher@active-4.com",
                    "role": "Project Founder"
                },
                {
                    "name": "Twig Team",
                    "homepage": "http://twig.sensiolabs.org/contributors",
                    "role": "Contributors"
                }
            ],
            "description": "Twig, the flexible, fast, and secure template language for PHP",
            "homepage": "http://twig.sensiolabs.org",
            "keywords": [
                "templating"
            ],
            "time": "2016-06-13 09:11:51"
        }
    ],
    "packages-dev": [],
    "aliases": [],
    "minimum-stability": "dev",
    "stability-flags": {
        "codeandcode/micro-fwk": 20
    },
    "prefer-stable": false,
    "prefer-lowest": false,
    "platform": {
        "php": ">=5.3"
    },
    "platform-dev": []
}
